
Microsoft Visual Studio Solution File, Format Version 12.00
# Visual Studio Version 16
VisualStudioVersion = 16.0.31005.135
MinimumVisualStudioVersion = 10.0.40219.1
Project("{9A19103F-16F7-4668-BE54-9A1E7A4F7556}") = "WebApplication_Server", "WebApplication_Server\WebApplication_Server.csproj", "{C7928CA3-1528-4F45-8E2F-C3AF6F1215AD}"
EndProject
Project("{9A19103F-16F7-4668-BE54-9A1E7A4F7556}") = "WebApplication_Doctor", "WebApplication_Client\WebApplication_Doctor.csproj", "{B709DCD4-3710-4476-875C-9A38DE060401}"
EndProject
Project("{FAE04EC0-301F-11D3-BF4B-00C04F79EFBC}") = "WebApplication_Assistant", "WebApplication_Assistent\WebApplication_Assistant.csproj", "{9A15C802-F639-4E27-B4C0-F912E2E15300}"
EndProject
Global
	GlobalSection(SolutionConfigurationPlatforms) = preSolution
		Debug|Any CPU = Debug|Any CPU
		Release|Any CPU = Release|Any CPU
	EndGlobalSection
	GlobalSection(ProjectConfigurationPlatforms) = postSolution
		{C7928CA3-1528-4F45-8E2F-C3AF6F1215AD}.Debug|Any CPU.ActiveCfg = Debug|Any CPU
		{C7928CA3-1528-4F45-8E2F-C3AF6F1215AD}.Debug|Any CPU.Build.0 = Debug|Any CPU
		{C7928CA3-1528-4F45-8E2F-C3AF6F1215AD}.Release|Any CPU.ActiveCfg = Release|Any CPU
		{C7928CA3-1528-4F45-8E2F-C3AF6F1215AD}.Release|Any CPU.Build.0 = Release|Any CPU
		{B709DCD4-3710-4476-875C-9A38DE060401}.Debug|Any CPU.ActiveCfg = Debug|Any CPU
		{B709DCD4-3710-4476-875C-9A38DE060401}.Debug|Any CPU.Build.0 = Debug|Any CPU
		{B709DCD4-3710-4476-875C-9A38DE060401}.Release|Any CPU.ActiveCfg = Release|Any CPU
		{B709DCD4-3710-4476-875C-9A38DE060401}.Release|Any CPU.Build.0 = Release|Any CPU
		{9A15C802-F639-4E27-B4C0-F912E2E15300}.Debug|Any CPU.ActiveCfg = Debug|Any CPU
		{9A15C802-F639-4E27-B4C0-F912E2E15300}.Debug|Any CPU.Build.0 = Debug|Any CPU
		{9A15C802-F639-4E27-B4C0-F912E2E15300}.Release|Any CPU.ActiveCfg = Release|Any CPU
		{9A15C802-F639-4E27-B4C0-F912E2E15300}.Release|Any CPU.Build.0 = Release|Any CPU
	EndGlobalSection
	GlobalSection(SolutionProperties) = preSolution
		HideSolutionNode = FALSE
	EndGlobalSection
	GlobalSection(ExtensibilityGlobals) = postSolution
		SolutionGuid = {CFA004AB-3A7F-491F-B2C9-3B0AB56834AA}
	EndGlobalSection
EndGlobal
